
Microsoft Visual Studio Solution File, Format Version 12.00
# Visual Studio 15
VisualStudioVersion = 15.0.28010.2050
MinimumVisualStudioVersion = 10.0.40219.1
Project("{FAE04EC0-301F-11D3-BF4B-00C04F79EFBC}") = "Entidades", "Entidades\Entidades.csproj", "{B7C7672C-6618-43B0-97D8-02E4D4CBDD21}"
EndProject
Project("{FAE04EC0-301F-11D3-BF4B-00C04F79EFBC}") = "MiCalculadora", "MiCalculadora\MiCalculadora.csproj", "{CDE39A9A-CE09-4F4C-82B8-F00BE574558D}"
EndProject
Global
	GlobalSection(SolutionConfigurationPlatforms) = preSolution
		Debug|Any CPU = Debug|Any CPU
		Release|Any CPU = Release|Any CPU
	EndGlobalSection
	GlobalSection(ProjectConfigurationPlatforms) = postSolution
		{B7C7672C-6618-43B0-97D8-02E4D4CBDD21}.Debug|Any CPU.ActiveCfg = Debug|Any CPU
		{B7C7672C-6618-43B0-97D8-02E4D4CBDD21}.Debug|Any CPU.Build.0 = Debug|Any CPU
		{B7C7672C-6618-43B0-97D8-02E4D4CBDD21}.Release|Any CPU.ActiveCfg = Release|Any CPU
		{B7C7672C-6618-43B0-97D8-02E4D4CBDD21}.Release|Any CPU.Build.0 = Release|Any CPU
		{CDE39A9A-CE09-4F4C-82B8-F00BE574558D}.Debug|Any CPU.ActiveCfg = Debug|Any CPU
		{CDE39A9A-CE09-4F4C-82B8-F00BE574558D}.Debug|Any CPU.Build.0 = Debug|Any CPU
		{CDE39A9A-CE09-4F4C-82B8-F00BE574558D}.Release|Any CPU.ActiveCfg = Release|Any CPU
		{CDE39A9A-CE09-4F4C-82B8-F00BE574558D}.Release|Any CPU.Build.0 = Release|Any CPU
	EndGlobalSection
	GlobalSection(SolutionProperties) = preSolution
		HideSolutionNode = FALSE
	EndGlobalSection
	GlobalSection(ExtensibilityGlobals) = postSolution
		SolutionGuid = {CE9F9AFA-2AE8-4240-8C21-E4BF5A0C78EB}
	EndGlobalSection
EndGlobal
